
Microsoft Visual Studio Solution File, Format Version 11.00
# Visual Studio 2010
Project("{FAE04EC0-301F-11D3-BF4B-00C04F79EFBC}") = "Foolproof", "Foolproof\Foolproof.csproj", "{46E69639-CB61-4DB0-AD4E-6515FDEFB6C1}"
EndProject
Project("{FAE04EC0-301F-11D3-BF4B-00C04F79EFBC}") = "Unit Tests", "Unit Tests\Unit Tests.csproj", "{20A89A92-C121-4D61-8986-3234E6F1EF53}"
EndProject
Project("{2150E333-8FDC-42A3-9474-1A3956D46DE8}") = "Solution Items", "Solution Items", "{AB2E45B8-9457-4AD6-A302-73C7779FB467}"
	ProjectSection(SolutionItems) = preProject
		Local.testsettings = Local.testsettings
		MVC Foolproof Validation.vsmdi = MVC Foolproof Validation.vsmdi
		TraceAndTestImpact.testsettings = TraceAndTestImpact.testsettings
	EndProjectSection
EndProject
Global
	GlobalSection(TeamFoundationVersionControl) = preSolution
		SccNumberOfProjects = 3
		SccEnterpriseProvider = {4CA58AB2-18FA-4F8D-95D4-32DDF27D184C}
		SccTeamFoundationServer = https://tfs02.codeplex.com/
		SccLocalPath0 = .
		SccProjectUniqueName1 = Foolproof\\Foolproof.csproj
		SccProjectName1 = Foolproof
		SccLocalPath1 = Foolproof
		SccProjectUniqueName2 = Unit\u0020Tests\\Unit\u0020Tests.csproj
		SccProjectName2 = Unit\u0020Tests
		SccLocalPath2 = Unit\u0020Tests
	EndGlobalSection
	GlobalSection(TestCaseManagementSettings) = postSolution
		CategoryFile = MVC Foolproof Validation.vsmdi
	EndGlobalSection
	GlobalSection(SolutionConfigurationPlatforms) = preSolution
		Debug|Any CPU = Debug|Any CPU
		Release|Any CPU = Release|Any CPU
	EndGlobalSection
	GlobalSection(ProjectConfigurationPlatforms) = postSolution
		{46E69639-CB61-4DB0-AD4E-6515FDEFB6C1}.Debug|Any CPU.ActiveCfg = Debug|Any CPU
		{46E69639-CB61-4DB0-AD4E-6515FDEFB6C1}.Debug|Any CPU.Build.0 = Debug|Any CPU
		{46E69639-CB61-4DB0-AD4E-6515FDEFB6C1}.Release|Any CPU.ActiveCfg = Release|Any CPU
		{46E69639-CB61-4DB0-AD4E-6515FDEFB6C1}.Release|Any CPU.Build.0 = Release|Any CPU
		{20A89A92-C121-4D61-8986-3234E6F1EF53}.Debug|Any CPU.ActiveCfg = Debug|Any CPU
		{20A89A92-C121-4D61-8986-3234E6F1EF53}.Debug|Any CPU.Build.0 = Debug|Any CPU
		{20A89A92-C121-4D61-8986-3234E6F1EF53}.Release|Any CPU.ActiveCfg = Release|Any CPU
		{20A89A92-C121-4D61-8986-3234E6F1EF53}.Release|Any CPU.Build.0 = Release|Any CPU
	EndGlobalSection
	GlobalSection(SolutionProperties) = preSolution
		HideSolutionNode = FALSE
	EndGlobalSection
EndGlobal
